// !$*UTF8*$!
{
	archiveVersion = 1;
	classes = {
	};
	objectVersion = 50;
	objects = {

/* Begin PBXBuildFile section */
		B0144C8C2107514600861230 /* AppDelegate.swift in Sources */ = {isa = PBXBuildFile; fileRef = B0144C8B2107514600861230 /* AppDelegate.swift */; };
		B0144C932107514800861230 /* Assets.xcassets in Resources */ = {isa = PBXBuildFile; fileRef = B0144C922107514800861230 /* Assets.xcassets */; };
		B0144C962107514800861230 /* LaunchScreen.storyboard in Resources */ = {isa = PBXBuildFile; fileRef = B0144C942107514800861230 /* LaunchScreen.storyboard */; };
		B0AFE026210756B30090B502 /* Contacts.storyboard in Resources */ = {isa = PBXBuildFile; fileRef = B0AFE025210756B30090B502 /* Contacts.storyboard */; };
		B0AFE02B210756E10090B502 /* ContactsController.swift in Sources */ = {isa = PBXBuildFile; fileRef = B0AFE02A210756E10090B502 /* ContactsController.swift */; };
		B0AFE02D210756F40090B502 /* ContactsViewController.swift in Sources */ = {isa = PBXBuildFile; fileRef = B0AFE02C210756F40090B502 /* ContactsViewController.swift */; };
		B0AFE02F2107574A0090B502 /* Networking.swift in Sources */ = {isa = PBXBuildFile; fileRef = B0AFE02E2107574A0090B502 /* Networking.swift */; };
		B0AFE0312107575A0090B502 /* APIConstants.swift in Sources */ = {isa = PBXBuildFile; fileRef = B0AFE0302107575A0090B502 /* APIConstants.swift */; };
		B0AFE033210757670090B502 /* Errors.swift in Sources */ = {isa = PBXBuildFile; fileRef = B0AFE032210757670090B502 /* Errors.swift */; };
		B0AFE037210758050090B502 /* Contacts.swift in Sources */ = {isa = PBXBuildFile; fileRef = B0AFE036210758050090B502 /* Contacts.swift */; };
		B0AFE039210758150090B502 /* Country.swift in Sources */ = {isa = PBXBuildFile; fileRef = B0AFE038210758150090B502 /* Country.swift */; };
		B0AFE03B210758320090B502 /* BaseViewController.swift in Sources */ = {isa = PBXBuildFile; fileRef = B0AFE03A210758320090B502 /* BaseViewController.swift */; };
		B0AFE03D210758470090B502 /* Constants.swift in Sources */ = {isa = PBXBuildFile; fileRef = B0AFE03C210758470090B502 /* Constants.swift */; };
		B0AFE03F210758530090B502 /* Logger.swift in Sources */ = {isa = PBXBuildFile; fileRef = B0AFE03E210758530090B502 /* Logger.swift */; };
		B0AFE0412107588A0090B502 /* FirebaseConstants.swift in Sources */ = {isa = PBXBuildFile; fileRef = B0AFE0402107588A0090B502 /* FirebaseConstants.swift */; };
		B0AFE04321075D4D0090B502 /* GoogleService-Info.plist in Resources */ = {isa = PBXBuildFile; fileRef = B0AFE04221075D4C0090B502 /* GoogleService-Info.plist */; };
		B0AFE0462107654F0090B502 /* Result.swift in Sources */ = {isa = PBXBuildFile; fileRef = B0AFE0452107654F0090B502 /* Result.swift */; };
		F1BEB06B180FB7BB8CFDA5DC /* Pods_MyContacts.framework in Frameworks */ = {isa = PBXBuildFile; fileRef = 8F98C02F81D8FBF1F2BB0802 /* Pods_MyContacts.framework */; };
/* End PBXBuildFile section */

/* Begin PBXFileReference section */
		159318089582A6237DDE74C0 /* Pods-MyContacts.debug.xcconfig */ = {isa = PBXFileReference; includeInIndex = 1; lastKnownFileType = text.xcconfig; name = "Pods-MyContacts.debug.xcconfig"; path = "Pods/Target Support Files/Pods-MyContacts/Pods-MyContacts.debug.xcconfig"; sourceTree = "<group>"; };
		8F98C02F81D8FBF1F2BB0802 /* Pods_MyContacts.framework */ = {isa = PBXFileReference; explicitFileType = wrapper.framework; includeInIndex = 0; path = Pods_MyContacts.framework; sourceTree = BUILT_PRODUCTS_DIR; };
		B0144C882107514600861230 /* MyContacts.app */ = {isa = PBXFileReference; explicitFileType = wrapper.application; includeInIndex = 0; path = MyContacts.app; sourceTree = BUILT_PRODUCTS_DIR; };
		B0144C8B2107514600861230 /* AppDelegate.swift */ = {isa = PBXFileReference; lastKnownFileType = sourcecode.swift; path = AppDelegate.swift; sourceTree = "<group>"; };
		B0144C922107514800861230 /* Assets.xcassets */ = {isa = PBXFileReference; lastKnownFileType = folder.assetcatalog; path = Assets.xcassets; sourceTree = "<group>"; };
		B0144C952107514800861230 /* Base */ = {isa = PBXFileReference; lastKnownFileType = file.storyboard; name = Base; path = Base.lproj/LaunchScreen.storyboard; sourceTree = "<group>"; };
		B0144C972107514800861230 /* Info.plist */ = {isa = PBXFileReference; lastKnownFileType = text.plist.xml; path = Info.plist; sourceTree = "<group>"; };
		B0AFE025210756B30090B502 /* Contacts.storyboard */ = {isa = PBXFileReference; lastKnownFileType = file.storyboard; path = Contacts.storyboard; sourceTree = "<group>"; };
		B0AFE02A210756E10090B502 /* ContactsController.swift */ = {isa = PBXFileReference; lastKnownFileType = sourcecode.swift; path = ContactsController.swift; sourceTree = "<group>"; };
		B0AFE02C210756F40090B502 /* ContactsViewController.swift */ = {isa = PBXFileReference; lastKnownFileType = sourcecode.swift; path = ContactsViewController.swift; sourceTree = "<group>"; };
		B0AFE02E2107574A0090B502 /* Networking.swift */ = {isa = PBXFileReference; lastKnownFileType = sourcecode.swift; path = Networking.swift; sourceTree = "<group>"; };
		B0AFE0302107575A0090B502 /* APIConstants.swift */ = {isa = PBXFileReference; lastKnownFileType = sourcecode.swift; path = APIConstants.swift; sourceTree = "<group>"; };
		B0AFE032210757670090B502 /* Errors.swift */ = {isa = PBXFileReference; lastKnownFileType = sourcecode.swift; path = Errors.swift; sourceTree = "<group>"; };
		B0AFE036210758050090B502 /* Contacts.swift */ = {isa = PBXFileReference; lastKnownFileType = sourcecode.swift; path = Contacts.swift; sourceTree = "<group>"; };
		B0AFE038210758150090B502 /* Country.swift */ = {isa = PBXFileReference; lastKnownFileType = sourcecode.swift; path = Country.swift; sourceTree = "<group>"; };
		B0AFE03A210758320090B502 /* BaseViewController.swift */ = {isa = PBXFileReference; lastKnownFileType = sourcecode.swift; path = BaseViewController.swift; sourceTree = "<group>"; };
		B0AFE03C210758470090B502 /* Constants.swift */ = {isa = PBXFileReference; lastKnownFileType = sourcecode.swift; path = Constants.swift; sourceTree = "<group>"; };
		B0AFE03E210758530090B502 /* Logger.swift */ = {isa = PBXFileReference; lastKnownFileType = sourcecode.swift; path = Logger.swift; sourceTree = "<group>"; };
		B0AFE0402107588A0090B502 /* FirebaseConstants.swift */ = {isa = PBXFileReference; lastKnownFileType = sourcecode.swift; path = FirebaseConstants.swift; sourceTree = "<group>"; };
		B0AFE04221075D4C0090B502 /* GoogleService-Info.plist */ = {isa = PBXFileReference; fileEncoding = 4; lastKnownFileType = text.plist.xml; path = "GoogleService-Info.plist"; sourceTree = "<group>"; };
		B0AFE0452107654F0090B502 /* Result.swift */ = {isa = PBXFileReference; lastKnownFileType = sourcecode.swift; path = Result.swift; sourceTree = "<group>"; };
		F553A95A3D097738942DC12F /* Pods-MyContacts.release.xcconfig */ = {isa = PBXFileReference; includeInIndex = 1; lastKnownFileType = text.xcconfig; name = "Pods-MyContacts.release.xcconfig"; path = "Pods/Target Support Files/Pods-MyContacts/Pods-MyContacts.release.xcconfig"; sourceTree = "<group>"; };
/* End PBXFileReference section */

/* Begin PBXFrameworksBuildPhase section */
		B0144C852107514600861230 /* Frameworks */ = {
			isa = PBXFrameworksBuildPhase;
			buildActionMask = 2147483647;
			files = (
				F1BEB06B180FB7BB8CFDA5DC /* Pods_MyContacts.framework in Frameworks */,
			);
			runOnlyForDeploymentPostprocessing = 0;
		};
/* End PBXFrameworksBuildPhase section */

/* Begin PBXGroup section */
		2306C65B164F2921E4698C2D /* Frameworks */ = {
			isa = PBXGroup;
			children = (
				8F98C02F81D8FBF1F2BB0802 /* Pods_MyContacts.framework */,
			);
			name = Frameworks;
			sourceTree = "<group>";
		};
		B0144C7F2107514600861230 = {
			isa = PBXGroup;
			children = (
				B0144C8A2107514600861230 /* MyContacts */,
				B0144C892107514600861230 /* Products */,
				FE1E9C7318CEE7D52EB3D963 /* Pods */,
				2306C65B164F2921E4698C2D /* Frameworks */,
			);
			sourceTree = "<group>";
		};
		B0144C892107514600861230 /* Products */ = {
			isa = PBXGroup;
			children = (
				B0144C882107514600861230 /* MyContacts.app */,
			);
			name = Products;
			sourceTree = "<group>";
		};
		B0144C8A2107514600861230 /* MyContacts */ = {
			isa = PBXGroup;
			children = (
				B0AFE0202107565E0090B502 /* Application */,
				B0AFE0212107566E0090B502 /* Contacts */,
				B0AFE024210756920090B502 /* Helpers */,
				B0AFE023210756890090B502 /* Utilities */,
				B0AFE022210756790090B502 /* WebService */,
				B0144C922107514800861230 /* Assets.xcassets */,
				B0144C942107514800861230 /* LaunchScreen.storyboard */,
				B0AFE04221075D4C0090B502 /* GoogleService-Info.plist */,
				B0144C972107514800861230 /* Info.plist */,
			);
			path = MyContacts;
			sourceTree = "<group>";
		};
		B0AFE0202107565E0090B502 /* Application */ = {
			isa = PBXGroup;
			children = (
				B0144C8B2107514600861230 /* AppDelegate.swift */,
			);
			path = Application;
			sourceTree = "<group>";
		};
		B0AFE0212107566E0090B502 /* Contacts */ = {
			isa = PBXGroup;
			children = (
				B0AFE029210756C90090B502 /* Views */,
				B0AFE028210756C20090B502 /* Controller */,
				B0AFE027210756BC0090B502 /* Models */,
				B0AFE025210756B30090B502 /* Contacts.storyboard */,
			);
			path = Contacts;
			sourceTree = "<group>";
		};
		B0AFE022210756790090B502 /* WebService */ = {
			isa = PBXGroup;
			children = (
				B0AFE02E2107574A0090B502 /* Networking.swift */,
				B0AFE0302107575A0090B502 /* APIConstants.swift */,
				B0AFE032210757670090B502 /* Errors.swift */,
			);
			path = WebService;
			sourceTree = "<group>";
		};
		B0AFE023210756890090B502 /* Utilities */ = {
			isa = PBXGroup;
			children = (
				B0AFE03C210758470090B502 /* Constants.swift */,
				B0AFE03E210758530090B502 /* Logger.swift */,
				B0AFE0402107588A0090B502 /* FirebaseConstants.swift */,
			);
			path = Utilities;
			sourceTree = "<group>";
		};
		B0AFE024210756920090B502 /* Helpers */ = {
			isa = PBXGroup;
			children = (
				B0AFE03A210758320090B502 /* BaseViewController.swift */,
				B0AFE0452107654F0090B502 /* Result.swift */,
			);
			path = Helpers;
			sourceTree = "<group>";
		};
		B0AFE027210756BC0090B502 /* Models */ = {
			isa = PBXGroup;
			children = (
				B0AFE036210758050090B502 /* Contacts.swift */,
				B0AFE038210758150090B502 /* Country.swift */,
			);
			path = Models;
			sourceTree = "<group>";
		};
		B0AFE028210756C20090B502 /* Controller */ = {
			isa = PBXGroup;
			children = (
				B0AFE02A210756E10090B502 /* ContactsController.swift */,
			);
			path = Controller;
			sourceTree = "<group>";
		};
		B0AFE029210756C90090B502 /* Views */ = {
			isa = PBXGroup;
			children = (
				B0AFE02C210756F40090B502 /* ContactsViewController.swift */,
			);
			path = Views;
			sourceTree = "<group>";
		};
		FE1E9C7318CEE7D52EB3D963 /* Pods */ = {
			isa = PBXGroup;
			children = (
				159318089582A6237DDE74C0 /* Pods-MyContacts.debug.xcconfig */,
				F553A95A3D097738942DC12F /* Pods-MyContacts.release.xcconfig */,
			);
			name = Pods;
			sourceTree = "<group>";
		};
/* End PBXGroup section */

/* Begin PBXNativeTarget section */
		B0144C872107514600861230 /* MyContacts */ = {
			isa = PBXNativeTarget;
			buildConfigurationList = B0144C9A2107514800861230 /* Build configuration list for PBXNativeTarget "MyContacts" */;
			buildPhases = (
				F83E3A4039B345B0827EEE95 /* [CP] Check Pods Manifest.lock */,
				B0144C842107514600861230 /* Sources */,
				B0144C852107514600861230 /* Frameworks */,
				B0144C862107514600861230 /* Resources */,
				6B0309A1E93CEC0FCC9EB067 /* [CP] Embed Pods Frameworks */,
			);
			buildRules = (
			);
			dependencies = (
			);
			name = MyContacts;
			productName = MyContacts;
			productReference = B0144C882107514600861230 /* MyContacts.app */;
			productType = "com.apple.product-type.application";
		};
/* End PBXNativeTarget section */

/* Begin PBXProject section */
		B0144C802107514600861230 /* Project object */ = {
			isa = PBXProject;
			attributes = {
				LastSwiftUpdateCheck = 0940;
				LastUpgradeCheck = 0940;
				ORGANIZATIONNAME = Jithin;
				TargetAttributes = {
					B0144C872107514600861230 = {
						CreatedOnToolsVersion = 9.4.1;
					};
				};
			};
			buildConfigurationList = B0144C832107514600861230 /* Build configuration list for PBXProject "MyContacts" */;
			compatibilityVersion = "Xcode 9.3";
			developmentRegion = en;
			hasScannedForEncodings = 0;
			knownRegions = (
				en,
				Base,
			);
			mainGroup = B0144C7F2107514600861230;
			productRefGroup = B0144C892107514600861230 /* Products */;
			projectDirPath = "";
			projectRoot = "";
			targets = (
				B0144C872107514600861230 /* MyContacts */,
			);
		};
/* End PBXProject section */

/* Begin PBXResourcesBuildPhase section */
		B0144C862107514600861230 /* Resources */ = {
			isa = PBXResourcesBuildPhase;
			buildActionMask = 2147483647;
			files = (
				B0AFE026210756B30090B502 /* Contacts.storyboard in Resources */,
				B0AFE04321075D4D0090B502 /* GoogleService-Info.plist in Resources */,
				B0144C962107514800861230 /* LaunchScreen.storyboard in Resources */,
				B0144C932107514800861230 /* Assets.xcassets in Resources */,
			);
			runOnlyForDeploymentPostprocessing = 0;
		};
/* End PBXResourcesBuildPhase section */

/* Begin PBXShellScriptBuildPhase section */
		6B0309A1E93CEC0FCC9EB067 /* [CP] Embed Pods Frameworks */ = {
			isa = PBXShellScriptBuildPhase;
			buildActionMask = 2147483647;
			files = (
			);
			inputPaths = (
				"${SRCROOT}/Pods/Target Support Files/Pods-MyContacts/Pods-MyContacts-frameworks.sh",
				"${BUILT_PRODUCTS_DIR}/Alamofire/Alamofire.framework",
				"${BUILT_PRODUCTS_DIR}/GoogleToolboxForMac/GoogleToolboxForMac.framework",
				"${BUILT_PRODUCTS_DIR}/leveldb-library/leveldb.framework",
				"${BUILT_PRODUCTS_DIR}/nanopb/nanopb.framework",
			);
			name = "[CP] Embed Pods Frameworks";
			outputPaths = (
				"${TARGET_BUILD_DIR}/${FRAMEWORKS_FOLDER_PATH}/Alamofire.framework",
				"${TARGET_BUILD_DIR}/${FRAMEWORKS_FOLDER_PATH}/GoogleToolboxForMac.framework",
				"${TARGET_BUILD_DIR}/${FRAMEWORKS_FOLDER_PATH}/leveldb.framework",
				"${TARGET_BUILD_DIR}/${FRAMEWORKS_FOLDER_PATH}/nanopb.framework",
			);
			runOnlyForDeploymentPostprocessing = 0;
			shellPath = /bin/sh;
			shellScript = "\"${SRCROOT}/Pods/Target Support Files/Pods-MyContacts/Pods-MyContacts-frameworks.sh\"\n";
			showEnvVarsInLog = 0;
		};
		F83E3A4039B345B0827EEE95 /* [CP] Check Pods Manifest.lock */ = {
			isa = PBXShellScriptBuildPhase;
			buildActionMask = 2147483647;
			files = (
			);
			inputPaths = (
				"${PODS_PODFILE_DIR_PATH}/Podfile.lock",
				"${PODS_ROOT}/Manifest.lock",
			);
			name = "[CP] Check Pods Manifest.lock";
			outputPaths = (
				"$(DERIVED_FILE_DIR)/Pods-MyContacts-checkManifestLockResult.txt",
			);
			runOnlyForDeploymentPostprocessing = 0;
			shellPath = /bin/sh;
			shellScript = "diff \"${PODS_PODFILE_DIR_PATH}/Podfile.lock\" \"${PODS_ROOT}/Manifest.lock\" > /dev/null\nif [ $? != 0 ] ; then\n    # print error to STDERR\n    echo \"error: The sandbox is not in sync with the Podfile.lock. Run 'pod install' or update your CocoaPods installation.\" >&2\n    exit 1\nfi\n# This output is used by Xcode 'outputs' to avoid re-running this script phase.\necho \"SUCCESS\" > \"${SCRIPT_OUTPUT_FILE_0}\"\n";
			showEnvVarsInLog = 0;
		};
/* End PBXShellScriptBuildPhase section */

/* Begin PBXSourcesBuildPhase section */
		B0144C842107514600861230 /* Sources */ = {
			isa = PBXSourcesBuildPhase;
			buildActionMask = 2147483647;
			files = (
				B0AFE02B210756E10090B502 /* ContactsController.swift in Sources */,
				B0AFE0462107654F0090B502 /* Result.swift in Sources */,
				B0AFE03F210758530090B502 /* Logger.swift in Sources */,
				B0AFE0312107575A0090B502 /* APIConstants.swift in Sources */,
				B0144C8C2107514600861230 /* AppDelegate.swift in Sources */,
				B0AFE02D210756F40090B502 /* ContactsViewController.swift in Sources */,
				B0AFE039210758150090B502 /* Country.swift in Sources */,
				B0AFE03D210758470090B502 /* Constants.swift in Sources */,
				B0AFE03B210758320090B502 /* BaseViewController.swift in Sources */,
				B0AFE0412107588A0090B502 /* FirebaseConstants.swift in Sources */,
				B0AFE033210757670090B502 /* Errors.swift in Sources */,
				B0AFE02F2107574A0090B502 /* Networking.swift in Sources */,
				B0AFE037210758050090B502 /* Contacts.swift in Sources */,
			);
			runOnlyForDeploymentPostprocessing = 0;
		};
/* End PBXSourcesBuildPhase section */

/* Begin PBXVariantGroup section */
		B0144C942107514800861230 /* LaunchScreen.storyboard */ = {
			isa = PBXVariantGroup;
			children = (
				B0144C952107514800861230 /* Base */,
			);
			name = LaunchScreen.storyboard;
			sourceTree = "<group>";
		};
/* End PBXVariantGroup section */

/* Begin XCBuildConfiguration section */
		B0144C982107514800861230 /* Debug */ = {
			isa = XCBuildConfiguration;
			buildSettings = {
				ALWAYS_SEARCH_USER_PATHS = NO;
				CLANG_ANALYZER_NONNULL = YES;
				CLANG_ANALYZER_NUMBER_OBJECT_CONVERSION = YES_AGGRESSIVE;
				CLANG_CXX_LANGUAGE_STANDARD = "gnu++14";
				CLANG_CXX_LIBRARY = "libc++";
				CLANG_ENABLE_MODULES = YES;
				CLANG_ENABLE_OBJC_ARC = YES;
				CLANG_ENABLE_OBJC_WEAK = YES;
				CLANG_WARN_BLOCK_CAPTURE_AUTORELEASING = YES;
				CLANG_WARN_BOOL_CONVERSION = YES;
				CLANG_WARN_COMMA = YES;
				CLANG_WARN_CONSTANT_CONVERSION = YES;
				CLANG_WARN_DEPRECATED_OBJC_IMPLEMENTATIONS = YES;
				CLANG_WARN_DIRECT_OBJC_ISA_USAGE = YES_ERROR;
				CLANG_WARN_DOCUMENTATION_COMMENTS = YES;
				CLANG_WARN_EMPTY_BODY = YES;
				CLANG_WARN_ENUM_CONVERSION = YES;
				CLANG_WARN_INFINITE_RECURSION = YES;
				CLANG_WARN_INT_CONVERSION = YES;
				CLANG_WARN_NON_LITERAL_NULL_CONVERSION = YES;
				CLANG_WARN_OBJC_IMPLICIT_RETAIN_SELF = YES;
				CLANG_WARN_OBJC_LITERAL_CONVERSION = YES;
				CLANG_WARN_OBJC_ROOT_CLASS = YES_ERROR;
				CLANG_WARN_RANGE_LOOP_ANALYSIS = YES;
				CLANG_WARN_STRICT_PROTOTYPES = YES;
				CLANG_WARN_SUSPICIOUS_MOVE = YES;
				CLANG_WARN_UNGUARDED_AVAILABILITY = YES_AGGRESSIVE;
				CLANG_WARN_UNREACHABLE_CODE = YES;
				CLANG_WARN__DUPLICATE_METHOD_MATCH = YES;
				CODE_SIGN_IDENTITY = "iPhone Developer";
				COPY_PHASE_STRIP = NO;
				DEBUG_INFORMATION_FORMAT = dwarf;
				ENABLE_STRICT_OBJC_MSGSEND = YES;
				ENABLE_TESTABILITY = YES;
				GCC_C_LANGUAGE_STANDARD = gnu11;
				GCC_DYNAMIC_NO_PIC = NO;
				GCC_NO_COMMON_BLOCKS = YES;
				GCC_OPTIMIZATION_LEVEL = 0;
				GCC_PREPROCESSOR_DEFINITIONS = (
					"DEBUG=1",
					"$(inherited)",
				);
				GCC_WARN_64_TO_32_BIT_CONVERSION = YES;
				GCC_WARN_ABOUT_RETURN_TYPE = YES_ERROR;
				GCC_WARN_UNDECLARED_SELECTOR = YES;
				GCC_WARN_UNINITIALIZED_AUTOS = YES_AGGRESSIVE;
				GCC_WARN_UNUSED_FUNCTION = YES;
				GCC_WARN_UNUSED_VARIABLE = YES;
				IPHONEOS_DEPLOYMENT_TARGET = 11.4;
				MTL_ENABLE_DEBUG_INFO = YES;
				ONLY_ACTIVE_ARCH = YES;
				SDKROOT = iphoneos;
				SWIFT_ACTIVE_COMPILATION_CONDITIONS = DEBUG;
				SWIFT_OPTIMIZATION_LEVEL = "-Onone";
			};
			name = Debug;
		};
		B0144C992107514800861230 /* Release */ = {
			isa = XCBuildConfiguration;
			buildSettings = {
				ALWAYS_SEARCH_USER_PATHS = NO;
				CLANG_ANALYZER_NONNULL = YES;
				CLANG_ANALYZER_NUMBER_OBJECT_CONVERSION = YES_AGGRESSIVE;
				CLANG_CXX_LANGUAGE_STANDARD = "gnu++14";
				CLANG_CXX_LIBRARY = "libc++";
				CLANG_ENABLE_MODULES = YES;
				CLANG_ENABLE_OBJC_ARC = YES;
				CLANG_ENABLE_OBJC_WEAK = YES;
				CLANG_WARN_BLOCK_CAPTURE_AUTORELEASING = YES;
				CLANG_WARN_BOOL_CONVERSION = YES;
				CLANG_WARN_COMMA = YES;
				CLANG_WARN_CONSTANT_CONVERSION = YES;
				CLANG_WARN_DEPRECATED_OBJC_IMPLEMENTATIONS = YES;
				CLANG_WARN_DIRECT_OBJC_ISA_USAGE = YES_ERROR;
				CLANG_WARN_DOCUMENTATION_COMMENTS = YES;
				CLANG_WARN_EMPTY_BODY = YES;
				CLANG_WARN_ENUM_CONVERSION = YES;
				CLANG_WARN_INFINITE_RECURSION = YES;
				CLANG_WARN_INT_CONVERSION = YES;
				CLANG_WARN_NON_LITERAL_NULL_CONVERSION = YES;
				CLANG_WARN_OBJC_IMPLICIT_RETAIN_SELF = YES;
				CLANG_WARN_OBJC_LITERAL_CONVERSION = YES;
				CLANG_WARN_OBJC_ROOT_CLASS = YES_ERROR;
				CLANG_WARN_RANGE_LOOP_ANALYSIS = YES;
				CLANG_WARN_STRICT_PROTOTYPES = YES;
				CLANG_WARN_SUSPICIOUS_MOVE = YES;
				CLANG_WARN_UNGUARDED_AVAILABILITY = YES_AGGRESSIVE;
				CLANG_WARN_UNREACHABLE_CODE = YES;
				CLANG_WARN__DUPLICATE_METHOD_MATCH = YES;
				CODE_SIGN_IDENTITY = "iPhone Developer";
				COPY_PHASE_STRIP = NO;
				DEBUG_INFORMATION_FORMAT = "dwarf-with-dsym";
				ENABLE_NS_ASSERTIONS = NO;
				ENABLE_STRICT_OBJC_MSGSEND = YES;
				GCC_C_LANGUAGE_STANDARD = gnu11;
				GCC_NO_COMMON_BLOCKS = YES;
				GCC_WARN_64_TO_32_BIT_CONVERSION = YES;
				GCC_WARN_ABOUT_RETURN_TYPE = YES_ERROR;
				GCC_WARN_UNDECLARED_SELECTOR = YES;
				GCC_WARN_UNINITIALIZED_AUTOS = YES_AGGRESSIVE;
				GCC_WARN_UNUSED_FUNCTION = YES;
				GCC_WARN_UNUSED_VARIABLE = YES;
				IPHONEOS_DEPLOYMENT_TARGET = 11.4;
				MTL_ENABLE_DEBUG_INFO = NO;
				SDKROOT = iphoneos;
				SWIFT_COMPILATION_MODE = wholemodule;
				SWIFT_OPTIMIZATION_LEVEL = "-O";
				VALIDATE_PRODUCT = YES;
			};
			name = Release;
		};
		B0144C9B2107514800861230 /* Debug */ = {
			isa = XCBuildConfiguration;
			baseConfigurationReference = 159318089582A6237DDE74C0 /* Pods-MyContacts.debug.xcconfig */;
			buildSettings = {
				ASSETCATALOG_COMPILER_APPICON_NAME = AppIcon;
				CODE_SIGN_STYLE = Automatic;
				DEVELOPMENT_TEAM = 9DENJD3M83;
				INFOPLIST_FILE = MyContacts/Info.plist;
				LD_RUNPATH_SEARCH_PATHS = (
					"$(inherited)",
					"@executable_path/Frameworks",
				);
				PRODUCT_BUNDLE_IDENTIFIER = com.jithin.MyContacts;
				PRODUCT_NAME = "$(TARGET_NAME)";
				SWIFT_VERSION = 4.0;
				TARGETED_DEVICE_FAMILY = "1,2";
			};
			name = Debug;
		};
		B0144C9C2107514800861230 /* Release */ = {
			isa = XCBuildConfiguration;
			baseConfigurationReference = F553A95A3D097738942DC12F /* Pods-MyContacts.release.xcconfig */;
			buildSettings = {
				ASSETCATALOG_COMPILER_APPICON_NAME = AppIcon;
				CODE_SIGN_STYLE = Automatic;
				DEVELOPMENT_TEAM = 9DENJD3M83;
				INFOPLIST_FILE = MyContacts/Info.plist;
				LD_RUNPATH_SEARCH_PATHS = (
					"$(inherited)",
					"@executable_path/Frameworks",
				);
				PRODUCT_BUNDLE_IDENTIFIER = com.jithin.MyContacts;
				PRODUCT_NAME = "$(TARGET_NAME)";
				SWIFT_VERSION = 4.0;
				TARGETED_DEVICE_FAMILY = "1,2";
			};
			name = Release;
		};
/* End XCBuildConfiguration section */

/* Begin XCConfigurationList section */
		B0144C832107514600861230 /* Build configuration list for PBXProject "MyContacts" */ = {
			isa = XCConfigurationList;
			buildConfigurations = (
				B0144C982107514800861230 /* Debug */,
				B0144C992107514800861230 /* Release */,
			);
			defaultConfigurationIsVisible = 0;
			defaultConfigurationName = Release;
		};
		B0144C9A2107514800861230 /* Build configuration list for PBXNativeTarget "MyContacts" */ = {
			isa = XCConfigurationList;
			buildConfigurations = (
				B0144C9B2107514800861230 /* Debug */,
				B0144C9C2107514800861230 /* Release */,
			);
			defaultConfigurationIsVisible = 0;
			defaultConfigurationName = Release;
		};
/* End XCConfigurationList section */
	};
	rootObject = B0144C802107514600861230 /* Project object */;
}
